
Microsoft Visual Studio Solution File, Format Version 12.00
# Visual Studio Version 16
VisualStudioVersion = 16.0.28803.352
MinimumVisualStudioVersion = 10.0.40219.1
Project("{FAE04EC0-301F-11D3-BF4B-00C04F79EFBC}") = "MineSweeper", "MineSweeper\MineSweeper.csproj", "{042A58D2-13DE-48E3-AE97-C2FC9DACEF6A}"
EndProject
Global
	GlobalSection(SolutionConfigurationPlatforms) = preSolution
		Debug|Any CPU = Debug|Any CPU
		Release|Any CPU = Release|Any CPU
	EndGlobalSection
	GlobalSection(ProjectConfigurationPlatforms) = postSolution
		{042A58D2-13DE-48E3-AE97-C2FC9DACEF6A}.Debug|Any CPU.ActiveCfg = Debug|Any CPU
		{042A58D2-13DE-48E3-AE97-C2FC9DACEF6A}.Debug|Any CPU.Build.0 = Debug|Any CPU
		{042A58D2-13DE-48E3-AE97-C2FC9DACEF6A}.Release|Any CPU.ActiveCfg = Release|Any CPU
		{042A58D2-13DE-48E3-AE97-C2FC9DACEF6A}.Release|Any CPU.Build.0 = Release|Any CPU
	EndGlobalSection
	GlobalSection(SolutionProperties) = preSolution
		HideSolutionNode = FALSE
	EndGlobalSection
	GlobalSection(ExtensibilityGlobals) = postSolution
		SolutionGuid = {76DC7EB3-B0D6-4C37-A47E-07FF35B0CBD4}
	EndGlobalSection
EndGlobal
